// !$*UTF8*$!
{
	archiveVersion = 1;
	classes = {
	};
	objectVersion = 55;
	objects = {

/* Begin PBXBuildFile section */
		5E3962A72DA11C0586058694 /* .gitignore in Resources */ = {isa = PBXBuildFile; fileRef = 5E39673544DA499252A8EE45 /* .gitignore */; };
		C37F9ECA27260AF200D19800 /* FerrisChatApp.swift in Sources */ = {isa = PBXBuildFile; fileRef = C37F9EC927260AF200D19800 /* FerrisChatApp.swift */; };
		C37F9ECC27260AF200D19800 /* ContentView.swift in Sources */ = {isa = PBXBuildFile; fileRef = C37F9ECB27260AF200D19800 /* ContentView.swift */; };
		C37F9ECE27260AF300D19800 /* Assets.xcassets in Resources */ = {isa = PBXBuildFile; fileRef = C37F9ECD27260AF300D19800 /* Assets.xcassets */; };
		C37F9ED127260AF300D19800 /* Preview Assets.xcassets in Resources */ = {isa = PBXBuildFile; fileRef = C37F9ED027260AF300D19800 /* Preview Assets.xcassets */; };
		C37F9ED327260AF300D19800 /* Persistence.swift in Sources */ = {isa = PBXBuildFile; fileRef = C37F9ED227260AF300D19800 /* Persistence.swift */; };
		C37F9ED627260AF300D19800 /* FerrisChat.xcdatamodeld in Sources */ = {isa = PBXBuildFile; fileRef = C37F9ED427260AF300D19800 /* FerrisChat.xcdatamodeld */; };
		C37F9EE027260AF300D19800 /* FerrisChatTests.swift in Sources */ = {isa = PBXBuildFile; fileRef = C37F9EDF27260AF300D19800 /* FerrisChatTests.swift */; };
		C37F9EEA27260AF300D19800 /* FerrisChatUITests.swift in Sources */ = {isa = PBXBuildFile; fileRef = C37F9EE927260AF300D19800 /* FerrisChatUITests.swift */; };
		C37F9EEC27260AF300D19800 /* FerrisChatUITestsLaunchTests.swift in Sources */ = {isa = PBXBuildFile; fileRef = C37F9EEB27260AF300D19800 /* FerrisChatUITestsLaunchTests.swift */; };
		C37F9EFA2726120F00D19800 /* Alamofire in Frameworks */ = {isa = PBXBuildFile; productRef = C37F9EF92726120F00D19800 /* Alamofire */; };
/* End PBXBuildFile section */

/* Begin PBXContainerItemProxy section */
		C37F9EDC27260AF300D19800 /* PBXContainerItemProxy */ = {
			isa = PBXContainerItemProxy;
			containerPortal = C37F9EBE27260AF200D19800 /* Project object */;
			proxyType = 1;
			remoteGlobalIDString = C37F9EC527260AF200D19800;
			remoteInfo = FerrisChat;
		};
		C37F9EE627260AF300D19800 /* PBXContainerItemProxy */ = {
			isa = PBXContainerItemProxy;
			containerPortal = C37F9EBE27260AF200D19800 /* Project object */;
			proxyType = 1;
			remoteGlobalIDString = C37F9EC527260AF200D19800;
			remoteInfo = FerrisChat;
		};
/* End PBXContainerItemProxy section */

/* Begin PBXFileReference section */
		5E39673544DA499252A8EE45 /* .gitignore */ = {isa = PBXFileReference; lastKnownFileType = file.gitignore; path = .gitignore; sourceTree = "<group>"; };
		C37F9EC627260AF200D19800 /* FerrisChat.app */ = {isa = PBXFileReference; explicitFileType = wrapper.application; includeInIndex = 0; path = FerrisChat.app; sourceTree = BUILT_PRODUCTS_DIR; };
		C37F9EC927260AF200D19800 /* FerrisChatApp.swift */ = {isa = PBXFileReference; lastKnownFileType = sourcecode.swift; path = FerrisChatApp.swift; sourceTree = "<group>"; };
		C37F9ECB27260AF200D19800 /* ContentView.swift */ = {isa = PBXFileReference; lastKnownFileType = sourcecode.swift; path = ContentView.swift; sourceTree = "<group>"; };
		C37F9ECD27260AF300D19800 /* Assets.xcassets */ = {isa = PBXFileReference; lastKnownFileType = folder.assetcatalog; path = Assets.xcassets; sourceTree = "<group>"; };
		C37F9ED027260AF300D19800 /* Preview Assets.xcassets */ = {isa = PBXFileReference; lastKnownFileType = folder.assetcatalog; path = "Preview Assets.xcassets"; sourceTree = "<group>"; };
		C37F9ED227260AF300D19800 /* Persistence.swift */ = {isa = PBXFileReference; lastKnownFileType = sourcecode.swift; path = Persistence.swift; sourceTree = "<group>"; };
		C37F9ED527260AF300D19800 /* FerrisChat.xcdatamodel */ = {isa = PBXFileReference; lastKnownFileType = wrapper.xcdatamodel; path = FerrisChat.xcdatamodel; sourceTree = "<group>"; };
		C37F9EDB27260AF300D19800 /* FerrisChatTests.xctest */ = {isa = PBXFileReference; explicitFileType = wrapper.cfbundle; includeInIndex = 0; path = FerrisChatTests.xctest; sourceTree = BUILT_PRODUCTS_DIR; };
		C37F9EDF27260AF300D19800 /* FerrisChatTests.swift */ = {isa = PBXFileReference; lastKnownFileType = sourcecode.swift; path = FerrisChatTests.swift; sourceTree = "<group>"; };
		C37F9EE527260AF300D19800 /* FerrisChatUITests.xctest */ = {isa = PBXFileReference; explicitFileType = wrapper.cfbundle; includeInIndex = 0; path = FerrisChatUITests.xctest; sourceTree = BUILT_PRODUCTS_DIR; };
		C37F9EE927260AF300D19800 /* FerrisChatUITests.swift */ = {isa = PBXFileReference; lastKnownFileType = sourcecode.swift; path = FerrisChatUITests.swift; sourceTree = "<group>"; };
		C37F9EEB27260AF300D19800 /* FerrisChatUITestsLaunchTests.swift */ = {isa = PBXFileReference; lastKnownFileType = sourcecode.swift; path = FerrisChatUITestsLaunchTests.swift; sourceTree = "<group>"; };
/* End PBXFileReference section */

/* Begin PBXFrameworksBuildPhase section */
		C37F9EC327260AF200D19800 /* Frameworks */ = {
			isa = PBXFrameworksBuildPhase;
			buildActionMask = 2147483647;
			files = (
				C37F9EFA2726120F00D19800 /* Alamofire in Frameworks */,
			);
			runOnlyForDeploymentPostprocessing = 0;
		};
		C37F9ED827260AF300D19800 /* Frameworks */ = {
			isa = PBXFrameworksBuildPhase;
			buildActionMask = 2147483647;
			files = (
			);
			runOnlyForDeploymentPostprocessing = 0;
		};
		C37F9EE227260AF300D19800 /* Frameworks */ = {
			isa = PBXFrameworksBuildPhase;
			buildActionMask = 2147483647;
			files = (
			);
			runOnlyForDeploymentPostprocessing = 0;
		};
/* End PBXFrameworksBuildPhase section */

/* Begin PBXGroup section */
		C37F9EBD27260AF200D19800 = {
			isa = PBXGroup;
			children = (
				C37F9EC827260AF200D19800 /* FerrisChat */,
				C37F9EDE27260AF300D19800 /* FerrisChatTests */,
				C37F9EE827260AF300D19800 /* FerrisChatUITests */,
				C37F9EC727260AF200D19800 /* Products */,
				5E39673544DA499252A8EE45 /* .gitignore */,
			);
			sourceTree = "<group>";
		};
		C37F9EC727260AF200D19800 /* Products */ = {
			isa = PBXGroup;
			children = (
				C37F9EC627260AF200D19800 /* FerrisChat.app */,
				C37F9EDB27260AF300D19800 /* FerrisChatTests.xctest */,
				C37F9EE527260AF300D19800 /* FerrisChatUITests.xctest */,
			);
			name = Products;
			sourceTree = "<group>";
		};
		C37F9EC827260AF200D19800 /* FerrisChat */ = {
			isa = PBXGroup;
			children = (
				C37F9EC927260AF200D19800 /* FerrisChatApp.swift */,
				C37F9ECB27260AF200D19800 /* ContentView.swift */,
				C37F9ECD27260AF300D19800 /* Assets.xcassets */,
				C37F9ED227260AF300D19800 /* Persistence.swift */,
				C37F9ED427260AF300D19800 /* FerrisChat.xcdatamodeld */,
				C37F9ECF27260AF300D19800 /* Preview Content */,
			);
			path = FerrisChat;
			sourceTree = "<group>";
		};
		C37F9ECF27260AF300D19800 /* Preview Content */ = {
			isa = PBXGroup;
			children = (
				C37F9ED027260AF300D19800 /* Preview Assets.xcassets */,
			);
			path = "Preview Content";
			sourceTree = "<group>";
		};
		C37F9EDE27260AF300D19800 /* FerrisChatTests */ = {
			isa = PBXGroup;
			children = (
				C37F9EDF27260AF300D19800 /* FerrisChatTests.swift */,
			);
			path = FerrisChatTests;
			sourceTree = "<group>";
		};
		C37F9EE827260AF300D19800 /* FerrisChatUITests */ = {
			isa = PBXGroup;
			children = (
				C37F9EE927260AF300D19800 /* FerrisChatUITests.swift */,
				C37F9EEB27260AF300D19800 /* FerrisChatUITestsLaunchTests.swift */,
			);
			path = FerrisChatUITests;
			sourceTree = "<group>";
		};
/* End PBXGroup section */

/* Begin PBXNativeTarget section */
		C37F9EC527260AF200D19800 /* FerrisChat */ = {
			isa = PBXNativeTarget;
			buildConfigurationList = C37F9EEF27260AF300D19800 /* Build configuration list for PBXNativeTarget "FerrisChat" */;
			buildPhases = (
				C37F9EC227260AF200D19800 /* Sources */,
				C37F9EC327260AF200D19800 /* Frameworks */,
				C37F9EC427260AF200D19800 /* Resources */,
			);
			buildRules = (
			);
			dependencies = (
			);
			name = FerrisChat;
			packageProductDependencies = (
				C37F9EF92726120F00D19800 /* Alamofire */,
			);
			productName = FerrisChat;
			productReference = C37F9EC627260AF200D19800 /* FerrisChat.app */;
			productType = "com.apple.product-type.application";
		};
		C37F9EDA27260AF300D19800 /* FerrisChatTests */ = {
			isa = PBXNativeTarget;
			buildConfigurationList = C37F9EF227260AF300D19800 /* Build configuration list for PBXNativeTarget "FerrisChatTests" */;
			buildPhases = (
				C37F9ED727260AF300D19800 /* Sources */,
				C37F9ED827260AF300D19800 /* Frameworks */,
				C37F9ED927260AF300D19800 /* Resources */,
			);
			buildRules = (
			);
			dependencies = (
				C37F9EDD27260AF300D19800 /* PBXTargetDependency */,
			);
			name = FerrisChatTests;
			productName = FerrisChatTests;
			productReference = C37F9EDB27260AF300D19800 /* FerrisChatTests.xctest */;
			productType = "com.apple.product-type.bundle.unit-test";
		};
		C37F9EE427260AF300D19800 /* FerrisChatUITests */ = {
			isa = PBXNativeTarget;
			buildConfigurationList = C37F9EF527260AF300D19800 /* Build configuration list for PBXNativeTarget "FerrisChatUITests" */;
			buildPhases = (
				C37F9EE127260AF300D19800 /* Sources */,
				C37F9EE227260AF300D19800 /* Frameworks */,
				C37F9EE327260AF300D19800 /* Resources */,
			);
			buildRules = (
			);
			dependencies = (
				C37F9EE727260AF300D19800 /* PBXTargetDependency */,
			);
			name = FerrisChatUITests;
			productName = FerrisChatUITests;
			productReference = C37F9EE527260AF300D19800 /* FerrisChatUITests.xctest */;
			productType = "com.apple.product-type.bundle.ui-testing";
		};
/* End PBXNativeTarget section */

/* Begin PBXProject section */
		C37F9EBE27260AF200D19800 /* Project object */ = {
			isa = PBXProject;
			attributes = {
				BuildIndependentTargetsInParallel = 1;
				LastSwiftUpdateCheck = 1300;
				LastUpgradeCheck = 1300;
				TargetAttributes = {
					C37F9EC527260AF200D19800 = {
						CreatedOnToolsVersion = 13.0;
					};
					C37F9EDA27260AF300D19800 = {
						CreatedOnToolsVersion = 13.0;
						TestTargetID = C37F9EC527260AF200D19800;
					};
					C37F9EE427260AF300D19800 = {
						CreatedOnToolsVersion = 13.0;
						TestTargetID = C37F9EC527260AF200D19800;
					};
				};
			};
			buildConfigurationList = C37F9EC127260AF200D19800 /* Build configuration list for PBXProject "FerrisChat" */;
			compatibilityVersion = "Xcode 13.0";
			developmentRegion = en;
			hasScannedForEncodings = 0;
			knownRegions = (
				en,
				Base,
			);
			mainGroup = C37F9EBD27260AF200D19800;
			packageReferences = (
				C37F9EF82726120F00D19800 /* XCRemoteSwiftPackageReference "Alamofire.git" */,
			);
			productRefGroup = C37F9EC727260AF200D19800 /* Products */;
			projectDirPath = "";
			projectRoot = "";
			targets = (
				C37F9EC527260AF200D19800 /* FerrisChat */,
				C37F9EDA27260AF300D19800 /* FerrisChatTests */,
				C37F9EE427260AF300D19800 /* FerrisChatUITests */,
			);
		};
/* End PBXProject section */

/* Begin PBXResourcesBuildPhase section */
		C37F9EC427260AF200D19800 /* Resources */ = {
			isa = PBXResourcesBuildPhase;
			buildActionMask = 2147483647;
			files = (
				C37F9ED127260AF300D19800 /* Preview Assets.xcassets in Resources */,
				C37F9ECE27260AF300D19800 /* Assets.xcassets in Resources */,
				5E3962A72DA11C0586058694 /* .gitignore in Resources */,
			);
			runOnlyForDeploymentPostprocessing = 0;
		};
		C37F9ED927260AF300D19800 /* Resources */ = {
			isa = PBXResourcesBuildPhase;
			buildActionMask = 2147483647;
			files = (
			);
			runOnlyForDeploymentPostprocessing = 0;
		};
		C37F9EE327260AF300D19800 /* Resources */ = {
			isa = PBXResourcesBuildPhase;
			buildActionMask = 2147483647;
			files = (
			);
			runOnlyForDeploymentPostprocessing = 0;
		};
/* End PBXResourcesBuildPhase section */

/* Begin PBXSourcesBuildPhase section */
		C37F9EC227260AF200D19800 /* Sources */ = {
			isa = PBXSourcesBuildPhase;
			buildActionMask = 2147483647;
			files = (
				C37F9ED327260AF300D19800 /* Persistence.swift in Sources */,
				C37F9ECC27260AF200D19800 /* ContentView.swift in Sources */,
				C37F9ED627260AF300D19800 /* FerrisChat.xcdatamodeld in Sources */,
				C37F9ECA27260AF200D19800 /* FerrisChatApp.swift in Sources */,
			);
			runOnlyForDeploymentPostprocessing = 0;
		};
		C37F9ED727260AF300D19800 /* Sources */ = {
			isa = PBXSourcesBuildPhase;
			buildActionMask = 2147483647;
			files = (
				C37F9EE027260AF300D19800 /* FerrisChatTests.swift in Sources */,
			);
			runOnlyForDeploymentPostprocessing = 0;
		};
		C37F9EE127260AF300D19800 /* Sources */ = {
			isa = PBXSourcesBuildPhase;
			buildActionMask = 2147483647;
			files = (
				C37F9EEA27260AF300D19800 /* FerrisChatUITests.swift in Sources */,
				C37F9EEC27260AF300D19800 /* FerrisChatUITestsLaunchTests.swift in Sources */,
			);
			runOnlyForDeploymentPostprocessing = 0;
		};
/* End PBXSourcesBuildPhase section */

/* Begin PBXTargetDependency section */
		C37F9EDD27260AF300D19800 /* PBXTargetDependency */ = {
			isa = PBXTargetDependency;
			target = C37F9EC527260AF200D19800 /* FerrisChat */;
			targetProxy = C37F9EDC27260AF300D19800 /* PBXContainerItemProxy */;
		};
		C37F9EE727260AF300D19800 /* PBXTargetDependency */ = {
			isa = PBXTargetDependency;
			target = C37F9EC527260AF200D19800 /* FerrisChat */;
			targetProxy = C37F9EE627260AF300D19800 /* PBXContainerItemProxy */;
		};
/* End PBXTargetDependency section */

/* Begin XCBuildConfiguration section */
		C37F9EED27260AF300D19800 /* Debug */ = {
			isa = XCBuildConfiguration;
			buildSettings = {
				ALWAYS_SEARCH_USER_PATHS = NO;
				CLANG_ANALYZER_NONNULL = YES;
				CLANG_ANALYZER_NUMBER_OBJECT_CONVERSION = YES_AGGRESSIVE;
				CLANG_CXX_LANGUAGE_STANDARD = "gnu++17";
				CLANG_CXX_LIBRARY = "libc++";
				CLANG_ENABLE_MODULES = YES;
				CLANG_ENABLE_OBJC_ARC = YES;
				CLANG_ENABLE_OBJC_WEAK = YES;
				CLANG_WARN_BLOCK_CAPTURE_AUTORELEASING = YES;
				CLANG_WARN_BOOL_CONVERSION = YES;
				CLANG_WARN_COMMA = YES;
				CLANG_WARN_CONSTANT_CONVERSION = YES;
				CLANG_WARN_DEPRECATED_OBJC_IMPLEMENTATIONS = YES;
				CLANG_WARN_DIRECT_OBJC_ISA_USAGE = YES_ERROR;
				CLANG_WARN_DOCUMENTATION_COMMENTS = YES;
				CLANG_WARN_EMPTY_BODY = YES;
				CLANG_WARN_ENUM_CONVERSION = YES;
				CLANG_WARN_INFINITE_RECURSION = YES;
				CLANG_WARN_INT_CONVERSION = YES;
				CLANG_WARN_NON_LITERAL_NULL_CONVERSION = YES;
				CLANG_WARN_OBJC_IMPLICIT_RETAIN_SELF = YES;
				CLANG_WARN_OBJC_LITERAL_CONVERSION = YES;
				CLANG_WARN_OBJC_ROOT_CLASS = YES_ERROR;
				CLANG_WARN_QUOTED_INCLUDE_IN_FRAMEWORK_HEADER = YES;
				CLANG_WARN_RANGE_LOOP_ANALYSIS = YES;
				CLANG_WARN_STRICT_PROTOTYPES = YES;
				CLANG_WARN_SUSPICIOUS_MOVE = YES;
				CLANG_WARN_UNGUARDED_AVAILABILITY = YES_AGGRESSIVE;
				CLANG_WARN_UNREACHABLE_CODE = YES;
				CLANG_WARN__DUPLICATE_METHOD_MATCH = YES;
				COPY_PHASE_STRIP = NO;
				DEBUG_INFORMATION_FORMAT = dwarf;
				ENABLE_STRICT_OBJC_MSGSEND = YES;
				ENABLE_TESTABILITY = YES;
				GCC_C_LANGUAGE_STANDARD = gnu11;
				GCC_DYNAMIC_NO_PIC = NO;
				GCC_NO_COMMON_BLOCKS = YES;
				GCC_OPTIMIZATION_LEVEL = 0;
				GCC_PREPROCESSOR_DEFINITIONS = (
					"DEBUG=1",
					"$(inherited)",
				);
				GCC_WARN_64_TO_32_BIT_CONVERSION = YES;
				GCC_WARN_ABOUT_RETURN_TYPE = YES_ERROR;
				GCC_WARN_UNDECLARED_SELECTOR = YES;
				GCC_WARN_UNINITIALIZED_AUTOS = YES_AGGRESSIVE;
				GCC_WARN_UNUSED_FUNCTION = YES;
				GCC_WARN_UNUSED_VARIABLE = YES;
				IPHONEOS_DEPLOYMENT_TARGET = 15.0;
				MTL_ENABLE_DEBUG_INFO = INCLUDE_SOURCE;
				MTL_FAST_MATH = YES;
				ONLY_ACTIVE_ARCH = YES;
				SDKROOT = iphoneos;
				SWIFT_ACTIVE_COMPILATION_CONDITIONS = DEBUG;
				SWIFT_OPTIMIZATION_LEVEL = "-Onone";
			};
			name = Debug;
		};
		C37F9EEE27260AF300D19800 /* Release */ = {
			isa = XCBuildConfiguration;
			buildSettings = {
				ALWAYS_SEARCH_USER_PATHS = NO;
				CLANG_ANALYZER_NONNULL = YES;
				CLANG_ANALYZER_NUMBER_OBJECT_CONVERSION = YES_AGGRESSIVE;
				CLANG_CXX_LANGUAGE_STANDARD = "gnu++17";
				CLANG_CXX_LIBRARY = "libc++";
				CLANG_ENABLE_MODULES = YES;
				CLANG_ENABLE_OBJC_ARC = YES;
				CLANG_ENABLE_OBJC_WEAK = YES;
				CLANG_WARN_BLOCK_CAPTURE_AUTORELEASING = YES;
				CLANG_WARN_BOOL_CONVERSION = YES;
				CLANG_WARN_COMMA = YES;
				CLANG_WARN_CONSTANT_CONVERSION = YES;
				CLANG_WARN_DEPRECATED_OBJC_IMPLEMENTATIONS = YES;
				CLANG_WARN_DIRECT_OBJC_ISA_USAGE = YES_ERROR;
				CLANG_WARN_DOCUMENTATION_COMMENTS = YES;
				CLANG_WARN_EMPTY_BODY = YES;
				CLANG_WARN_ENUM_CONVERSION = YES;
				CLANG_WARN_INFINITE_RECURSION = YES;
				CLANG_WARN_INT_CONVERSION = YES;
				CLANG_WARN_NON_LITERAL_NULL_CONVERSION = YES;
				CLANG_WARN_OBJC_IMPLICIT_RETAIN_SELF = YES;
				CLANG_WARN_OBJC_LITERAL_CONVERSION = YES;
				CLANG_WARN_OBJC_ROOT_CLASS = YES_ERROR;
				CLANG_WARN_QUOTED_INCLUDE_IN_FRAMEWORK_HEADER = YES;
				CLANG_WARN_RANGE_LOOP_ANALYSIS = YES;
				CLANG_WARN_STRICT_PROTOTYPES = YES;
				CLANG_WARN_SUSPICIOUS_MOVE = YES;
				CLANG_WARN_UNGUARDED_AVAILABILITY = YES_AGGRESSIVE;
				CLANG_WARN_UNREACHABLE_CODE = YES;
				CLANG_WARN__DUPLICATE_METHOD_MATCH = YES;
				COPY_PHASE_STRIP = NO;
				DEBUG_INFORMATION_FORMAT = "dwarf-with-dsym";
				ENABLE_NS_ASSERTIONS = NO;
				ENABLE_STRICT_OBJC_MSGSEND = YES;
				GCC_C_LANGUAGE_STANDARD = gnu11;
				GCC_NO_COMMON_BLOCKS = YES;
				GCC_WARN_64_TO_32_BIT_CONVERSION = YES;
				GCC_WARN_ABOUT_RETURN_TYPE = YES_ERROR;
				GCC_WARN_UNDECLARED_SELECTOR = YES;
				GCC_WARN_UNINITIALIZED_AUTOS = YES_AGGRESSIVE;
				GCC_WARN_UNUSED_FUNCTION = YES;
				GCC_WARN_UNUSED_VARIABLE = YES;
				IPHONEOS_DEPLOYMENT_TARGET = 15.0;
				MTL_ENABLE_DEBUG_INFO = NO;
				MTL_FAST_MATH = YES;
				SDKROOT = iphoneos;
				SWIFT_COMPILATION_MODE = wholemodule;
				SWIFT_OPTIMIZATION_LEVEL = "-O";
				VALIDATE_PRODUCT = YES;
			};
			name = Release;
		};
		C37F9EF027260AF300D19800 /* Debug */ = {
			isa = XCBuildConfiguration;
			buildSettings = {
				ASSETCATALOG_COMPILER_APPICON_NAME = AppIcon;
				ASSETCATALOG_COMPILER_GLOBAL_ACCENT_COLOR_NAME = AccentColor;
				CODE_SIGN_STYLE = Automatic;
				CURRENT_PROJECT_VERSION = 1;
				DEVELOPMENT_ASSET_PATHS = "\"FerrisChat/Preview Content\"";
				DEVELOPMENT_TEAM = BFN5N2X83W;
				ENABLE_PREVIEWS = YES;
				GENERATE_INFOPLIST_FILE = YES;
				INFOPLIST_KEY_UIApplicationSceneManifest_Generation = YES;
				INFOPLIST_KEY_UIApplicationSupportsIndirectInputEvents = YES;
				INFOPLIST_KEY_UILaunchScreen_Generation = YES;
				INFOPLIST_KEY_UISupportedInterfaceOrientations_iPad = "UIInterfaceOrientationPortrait UIInterfaceOrientationPortraitUpsideDown UIInterfaceOrientationLandscapeLeft UIInterfaceOrientationLandscapeRight";
				INFOPLIST_KEY_UISupportedInterfaceOrientations_iPhone = "UIInterfaceOrientationPortrait UIInterfaceOrientationLandscapeLeft UIInterfaceOrientationLandscapeRight";
				IPHONEOS_DEPLOYMENT_TARGET = 14.0;
				LD_RUNPATH_SEARCH_PATHS = (
					"$(inherited)",
					"@executable_path/Frameworks",
				);
				MARKETING_VERSION = 1.0;
				PRODUCT_BUNDLE_IDENTIFIER = dev.randomairborne.FerrisChat;
				PRODUCT_NAME = "$(TARGET_NAME)";
				SWIFT_EMIT_LOC_STRINGS = YES;
				SWIFT_VERSION = 5.0;
				TARGETED_DEVICE_FAMILY = "1,2";
			};
			name = Debug;
		};
		C37F9EF127260AF300D19800 /* Release */ = {
			isa = XCBuildConfiguration;
			buildSettings = {
				ASSETCATALOG_COMPILER_APPICON_NAME = AppIcon;
				ASSETCATALOG_COMPILER_GLOBAL_ACCENT_COLOR_NAME = AccentColor;
				CODE_SIGN_STYLE = Automatic;
				CURRENT_PROJECT_VERSION = 1;
				DEVELOPMENT_ASSET_PATHS = "\"FerrisChat/Preview Content\"";
				DEVELOPMENT_TEAM = BFN5N2X83W;
				ENABLE_PREVIEWS = YES;
				GENERATE_INFOPLIST_FILE = YES;
				INFOPLIST_KEY_UIApplicationSceneManifest_Generation = YES;
				INFOPLIST_KEY_UIApplicationSupportsIndirectInputEvents = YES;
				INFOPLIST_KEY_UILaunchScreen_Generation = YES;
				INFOPLIST_KEY_UISupportedInterfaceOrientations_iPad = "UIInterfaceOrientationPortrait UIInterfaceOrientationPortraitUpsideDown UIInterfaceOrientationLandscapeLeft UIInterfaceOrientationLandscapeRight";
				INFOPLIST_KEY_UISupportedInterfaceOrientations_iPhone = "UIInterfaceOrientationPortrait UIInterfaceOrientationLandscapeLeft UIInterfaceOrientationLandscapeRight";
				IPHONEOS_DEPLOYMENT_TARGET = 14.0;
				LD_RUNPATH_SEARCH_PATHS = (
					"$(inherited)",
					"@executable_path/Frameworks",
				);
				MARKETING_VERSION = 1.0;
				PRODUCT_BUNDLE_IDENTIFIER = dev.randomairborne.FerrisChat;
				PRODUCT_NAME = "$(TARGET_NAME)";
				SWIFT_EMIT_LOC_STRINGS = YES;
				SWIFT_VERSION = 5.0;
				TARGETED_DEVICE_FAMILY = "1,2";
			};
			name = Release;
		};
		C37F9EF327260AF300D19800 /* Debug */ = {
			isa = XCBuildConfiguration;
			buildSettings = {
				ALWAYS_EMBED_SWIFT_STANDARD_LIBRARIES = YES;
				BUNDLE_LOADER = "$(TEST_HOST)";
				CODE_SIGN_STYLE = Automatic;
				CURRENT_PROJECT_VERSION = 1;
				DEVELOPMENT_TEAM = BFN5N2X83W;
				GENERATE_INFOPLIST_FILE = YES;
				IPHONEOS_DEPLOYMENT_TARGET = 14.0;
				LD_RUNPATH_SEARCH_PATHS = (
					"$(inherited)",
					"@executable_path/Frameworks",
					"@loader_path/Frameworks",
				);
				MARKETING_VERSION = 1.0;
				PRODUCT_BUNDLE_IDENTIFIER = dev.randomairborne.FerrisChatTests;
				PRODUCT_NAME = "$(TARGET_NAME)";
				SWIFT_EMIT_LOC_STRINGS = NO;
				SWIFT_VERSION = 5.0;
				TARGETED_DEVICE_FAMILY = "1,2";
				TEST_HOST = "$(BUILT_PRODUCTS_DIR)/FerrisChat.app/FerrisChat";
			};
			name = Debug;
		};
		C37F9EF427260AF300D19800 /* Release */ = {
			isa = XCBuildConfiguration;
			buildSettings = {
				ALWAYS_EMBED_SWIFT_STANDARD_LIBRARIES = YES;
				BUNDLE_LOADER = "$(TEST_HOST)";
				CODE_SIGN_STYLE = Automatic;
				CURRENT_PROJECT_VERSION = 1;
				DEVELOPMENT_TEAM = BFN5N2X83W;
				GENERATE_INFOPLIST_FILE = YES;
				IPHONEOS_DEPLOYMENT_TARGET = 14.0;
				LD_RUNPATH_SEARCH_PATHS = (
					"$(inherited)",
					"@executable_path/Frameworks",
					"@loader_path/Frameworks",
				);
				MARKETING_VERSION = 1.0;
				PRODUCT_BUNDLE_IDENTIFIER = dev.randomairborne.FerrisChatTests;
				PRODUCT_NAME = "$(TARGET_NAME)";
				SWIFT_EMIT_LOC_STRINGS = NO;
				SWIFT_VERSION = 5.0;
				TARGETED_DEVICE_FAMILY = "1,2";
				TEST_HOST = "$(BUILT_PRODUCTS_DIR)/FerrisChat.app/FerrisChat";
			};
			name = Release;
		};
		C37F9EF627260AF300D19800 /* Debug */ = {
			isa = XCBuildConfiguration;
			buildSettings = {
				ALWAYS_EMBED_SWIFT_STANDARD_LIBRARIES = YES;
				CODE_SIGN_STYLE = Automatic;
				CURRENT_PROJECT_VERSION = 1;
				DEVELOPMENT_TEAM = BFN5N2X83W;
				GENERATE_INFOPLIST_FILE = YES;
				LD_RUNPATH_SEARCH_PATHS = (
					"$(inherited)",
					"@executable_path/Frameworks",
					"@loader_path/Frameworks",
				);
				MARKETING_VERSION = 1.0;
				PRODUCT_BUNDLE_IDENTIFIER = dev.randomairborne.FerrisChatUITests;
				PRODUCT_NAME = "$(TARGET_NAME)";
				SWIFT_EMIT_LOC_STRINGS = NO;
				SWIFT_VERSION = 5.0;
				TARGETED_DEVICE_FAMILY = "1,2";
				TEST_TARGET_NAME = FerrisChat;
			};
			name = Debug;
		};
		C37F9EF727260AF300D19800 /* Release */ = {
			isa = XCBuildConfiguration;
			buildSettings = {
				ALWAYS_EMBED_SWIFT_STANDARD_LIBRARIES = YES;
				CODE_SIGN_STYLE = Automatic;
				CURRENT_PROJECT_VERSION = 1;
				DEVELOPMENT_TEAM = BFN5N2X83W;
				GENERATE_INFOPLIST_FILE = YES;
				LD_RUNPATH_SEARCH_PATHS = (
					"$(inherited)",
					"@executable_path/Frameworks",
					"@loader_path/Frameworks",
				);
				MARKETING_VERSION = 1.0;
				PRODUCT_BUNDLE_IDENTIFIER = dev.randomairborne.FerrisChatUITests;
				PRODUCT_NAME = "$(TARGET_NAME)";
				SWIFT_EMIT_LOC_STRINGS = NO;
				SWIFT_VERSION = 5.0;
				TARGETED_DEVICE_FAMILY = "1,2";
				TEST_TARGET_NAME = FerrisChat;
			};
			name = Release;
		};
/* End XCBuildConfiguration section */

/* Begin XCConfigurationList section */
		C37F9EC127260AF200D19800 /* Build configuration list for PBXProject "FerrisChat" */ = {
			isa = XCConfigurationList;
			buildConfigurations = (
				C37F9EED27260AF300D19800 /* Debug */,
				C37F9EEE27260AF300D19800 /* Release */,
			);
			defaultConfigurationIsVisible = 0;
			defaultConfigurationName = Release;
		};
		C37F9EEF27260AF300D19800 /* Build configuration list for PBXNativeTarget "FerrisChat" */ = {
			isa = XCConfigurationList;
			buildConfigurations = (
				C37F9EF027260AF300D19800 /* Debug */,
				C37F9EF127260AF300D19800 /* Release */,
			);
			defaultConfigurationIsVisible = 0;
			defaultConfigurationName = Release;
		};
		C37F9EF227260AF300D19800 /* Build configuration list for PBXNativeTarget "FerrisChatTests" */ = {
			isa = XCConfigurationList;
			buildConfigurations = (
				C37F9EF327260AF300D19800 /* Debug */,
				C37F9EF427260AF300D19800 /* Release */,
			);
			defaultConfigurationIsVisible = 0;
			defaultConfigurationName = Release;
		};
		C37F9EF527260AF300D19800 /* Build configuration list for PBXNativeTarget "FerrisChatUITests" */ = {
			isa = XCConfigurationList;
			buildConfigurations = (
				C37F9EF627260AF300D19800 /* Debug */,
				C37F9EF727260AF300D19800 /* Release */,
			);
			defaultConfigurationIsVisible = 0;
			defaultConfigurationName = Release;
		};
/* End XCConfigurationList section */

/* Begin XCRemoteSwiftPackageReference section */
		C37F9EF82726120F00D19800 /* XCRemoteSwiftPackageReference "Alamofire.git" */ = {
			isa = XCRemoteSwiftPackageReference;
			repositoryURL = "https://github.com/Alamofire/Alamofire.git";
			requirement = {
				kind = upToNextMajorVersion;
				minimumVersion = 5.0.0;
			};
		};
/* End XCRemoteSwiftPackageReference section */

/* Begin XCSwiftPackageProductDependency section */
		C37F9EF92726120F00D19800 /* Alamofire */ = {
			isa = XCSwiftPackageProductDependency;
			package = C37F9EF82726120F00D19800 /* XCRemoteSwiftPackageReference "Alamofire.git" */;
			productName = Alamofire;
		};
/* End XCSwiftPackageProductDependency section */

/* Begin XCVersionGroup section */
		C37F9ED427260AF300D19800 /* FerrisChat.xcdatamodeld */ = {
			isa = XCVersionGroup;
			children = (
				C37F9ED527260AF300D19800 /* FerrisChat.xcdatamodel */,
			);
			currentVersion = C37F9ED527260AF300D19800 /* FerrisChat.xcdatamodel */;
			path = FerrisChat.xcdatamodeld;
			sourceTree = "<group>";
			versionGroupType = wrapper.xcdatamodel;
		};
/* End XCVersionGroup section */
	};
	rootObject = C37F9EBE27260AF200D19800 /* Project object */;
}
