// !$*UTF8*$!
{
	archiveVersion = 1;
	classes = {
	};
	objectVersion = 55;
	objects = {

/* Begin PBXBuildFile section */
		0D321B8AE47DFA62F7BD36E6 /* Pods_FerrisChatTests.framework in Frameworks */ = {isa = PBXBuildFile; fileRef = DBE4ED58488BFFDA856FF39A /* Pods_FerrisChatTests.framework */; };
		5E3962A72DA11C0586058694 /* .gitignore in Resources */ = {isa = PBXBuildFile; fileRef = 5E39673544DA499252A8EE45 /* .gitignore */; };
		5E39679CCE72BFFE0EEC131F /* Messaging.swift in Sources */ = {isa = PBXBuildFile; fileRef = 5E39660D62A1F9CBE29C87D4 /* Messaging.swift */; };
		5E396B9C4B205DEB52B5A40A /* Authentication.swift in Sources */ = {isa = PBXBuildFile; fileRef = 5E396197096F7A7830C5EE05 /* Authentication.swift */; };
		93392B289EE7DE025F43BA6C /* Pods_FerrisChat_FerrisChatUITests.framework in Frameworks */ = {isa = PBXBuildFile; fileRef = F49419304763F72BAD8E5AEE /* Pods_FerrisChat_FerrisChatUITests.framework */; };
		C37F9ECA27260AF200D19800 /* FerrisChatApp.swift in Sources */ = {isa = PBXBuildFile; fileRef = C37F9EC927260AF200D19800 /* FerrisChatApp.swift */; };
		C37F9ECC27260AF200D19800 /* Login.swift in Sources */ = {isa = PBXBuildFile; fileRef = C37F9ECB27260AF200D19800 /* Login.swift */; };
		C37F9ECE27260AF300D19800 /* Assets.xcassets in Resources */ = {isa = PBXBuildFile; fileRef = C37F9ECD27260AF300D19800 /* Assets.xcassets */; };
		C37F9ED127260AF300D19800 /* Preview Assets.xcassets in Resources */ = {isa = PBXBuildFile; fileRef = C37F9ED027260AF300D19800 /* Preview Assets.xcassets */; };
/* End PBXBuildFile section */

/* Begin PBXContainerItemProxy section */
		C37F9EDC27260AF300D19800 /* PBXContainerItemProxy */ = {
			isa = PBXContainerItemProxy;
			containerPortal = C37F9EBE27260AF200D19800 /* Project object */;
			proxyType = 1;
			remoteGlobalIDString = C37F9EC527260AF200D19800;
			remoteInfo = FerrisChat;
		};
		C37F9EE627260AF300D19800 /* PBXContainerItemProxy */ = {
			isa = PBXContainerItemProxy;
			containerPortal = C37F9EBE27260AF200D19800 /* Project object */;
			proxyType = 1;
			remoteGlobalIDString = C37F9EC527260AF200D19800;
			remoteInfo = FerrisChat;
		};
		C3D0E975277903C0006F5197 /* PBXContainerItemProxy */ = {
			isa = PBXContainerItemProxy;
			containerPortal = C3D0E96B277903C0006F5197 /* Pods.xcodeproj */;
			proxyType = 2;
			remoteGlobalIDString = 5D797E9A5C5782CE845840781FA1CC81;
			remoteInfo = Alamofire;
		};
		C3D0E977277903C0006F5197 /* PBXContainerItemProxy */ = {
			isa = PBXContainerItemProxy;
			containerPortal = C3D0E96B277903C0006F5197 /* Pods.xcodeproj */;
			proxyType = 2;
			remoteGlobalIDString = 9E0FD012ADC3C7179C684035672383E5;
			remoteInfo = KeychainSwift;
		};
		C3D0E979277903C0006F5197 /* PBXContainerItemProxy */ = {
			isa = PBXContainerItemProxy;
			containerPortal = C3D0E96B277903C0006F5197 /* Pods.xcodeproj */;
			proxyType = 2;
			remoteGlobalIDString = CB5F65720DE2BA75FCA0D05E5C222B1B;
			remoteInfo = "Pods-FerrisChat";
		};
		C3D0E97B277903C0006F5197 /* PBXContainerItemProxy */ = {
			isa = PBXContainerItemProxy;
			containerPortal = C3D0E96B277903C0006F5197 /* Pods.xcodeproj */;
			proxyType = 2;
			remoteGlobalIDString = 1A014B4359BD1BBB4E39B3DB99317C61;
			remoteInfo = "Pods-FerrisChat-FerrisChatUITests";
		};
		C3D0E97D277903C0006F5197 /* PBXContainerItemProxy */ = {
			isa = PBXContainerItemProxy;
			containerPortal = C3D0E96B277903C0006F5197 /* Pods.xcodeproj */;
			proxyType = 2;
			remoteGlobalIDString = 503F2F1687766BB79E4117C246398D34;
			remoteInfo = "Pods-FerrisChatTests";
		};
		C3D0E97F277903C0006F5197 /* PBXContainerItemProxy */ = {
			isa = PBXContainerItemProxy;
			containerPortal = C3D0E96B277903C0006F5197 /* Pods.xcodeproj */;
			proxyType = 2;
			remoteGlobalIDString = 891B2270823847ED23F2ECFC28F935EC;
			remoteInfo = Starscream;
		};
		C3D0E981277903C0006F5197 /* PBXContainerItemProxy */ = {
			isa = PBXContainerItemProxy;
			containerPortal = C3D0E96B277903C0006F5197 /* Pods.xcodeproj */;
			proxyType = 2;
			remoteGlobalIDString = E23C076BA70925415F490FEDB215DA92;
			remoteInfo = SwiftyJSON;
		};
/* End PBXContainerItemProxy section */

/* Begin PBXFileReference section */
		1A14E2C7F546F708EAF1C704 /* Pods-FerrisChatTests.debug.xcconfig */ = {isa = PBXFileReference; includeInIndex = 1; lastKnownFileType = text.xcconfig; name = "Pods-FerrisChatTests.debug.xcconfig"; path = "Target Support Files/Pods-FerrisChatTests/Pods-FerrisChatTests.debug.xcconfig"; sourceTree = "<group>"; };
		3C11A75B29662A37170824C2 /* Pods-FerrisChat-FerrisChatUITests.debug.xcconfig */ = {isa = PBXFileReference; includeInIndex = 1; lastKnownFileType = text.xcconfig; name = "Pods-FerrisChat-FerrisChatUITests.debug.xcconfig"; path = "Target Support Files/Pods-FerrisChat-FerrisChatUITests/Pods-FerrisChat-FerrisChatUITests.debug.xcconfig"; sourceTree = "<group>"; };
		5E396197096F7A7830C5EE05 /* Authentication.swift */ = {isa = PBXFileReference; fileEncoding = 4; lastKnownFileType = sourcecode.swift; path = Authentication.swift; sourceTree = "<group>"; };
		5E39660D62A1F9CBE29C87D4 /* Messaging.swift */ = {isa = PBXFileReference; fileEncoding = 4; lastKnownFileType = sourcecode.swift; path = Messaging.swift; sourceTree = "<group>"; };
		5E39673544DA499252A8EE45 /* .gitignore */ = {isa = PBXFileReference; lastKnownFileType = file.gitignore; path = .gitignore; sourceTree = "<group>"; };
		6012CEDDF2E52F9A387663BE /* Pods-FerrisChat-FerrisChatUITests.release.xcconfig */ = {isa = PBXFileReference; includeInIndex = 1; lastKnownFileType = text.xcconfig; name = "Pods-FerrisChat-FerrisChatUITests.release.xcconfig"; path = "Target Support Files/Pods-FerrisChat-FerrisChatUITests/Pods-FerrisChat-FerrisChatUITests.release.xcconfig"; sourceTree = "<group>"; };
		91BE22EF036A6C0E5F198CC3 /* Pods_FerrisChat.framework */ = {isa = PBXFileReference; explicitFileType = wrapper.framework; includeInIndex = 0; path = Pods_FerrisChat.framework; sourceTree = BUILT_PRODUCTS_DIR; };
		94A2EE6BE33A28C1EFB9E32C /* Pods-FerrisChat.release.xcconfig */ = {isa = PBXFileReference; includeInIndex = 1; lastKnownFileType = text.xcconfig; name = "Pods-FerrisChat.release.xcconfig"; path = "Target Support Files/Pods-FerrisChat/Pods-FerrisChat.release.xcconfig"; sourceTree = "<group>"; };
		C37F9EC627260AF200D19800 /* FerrisChat.app */ = {isa = PBXFileReference; explicitFileType = wrapper.application; includeInIndex = 0; path = FerrisChat.app; sourceTree = BUILT_PRODUCTS_DIR; };
		C37F9EC927260AF200D19800 /* FerrisChatApp.swift */ = {isa = PBXFileReference; lastKnownFileType = sourcecode.swift; path = FerrisChatApp.swift; sourceTree = "<group>"; };
		C37F9ECB27260AF200D19800 /* Login.swift */ = {isa = PBXFileReference; lastKnownFileType = sourcecode.swift; path = Login.swift; sourceTree = "<group>"; };
		C37F9ECD27260AF300D19800 /* Assets.xcassets */ = {isa = PBXFileReference; lastKnownFileType = folder.assetcatalog; path = Assets.xcassets; sourceTree = "<group>"; };
		C37F9ED027260AF300D19800 /* Preview Assets.xcassets */ = {isa = PBXFileReference; lastKnownFileType = folder.assetcatalog; path = "Preview Assets.xcassets"; sourceTree = "<group>"; };
		C37F9EDB27260AF300D19800 /* FerrisChatTests.xctest */ = {isa = PBXFileReference; explicitFileType = wrapper.cfbundle; includeInIndex = 0; path = FerrisChatTests.xctest; sourceTree = BUILT_PRODUCTS_DIR; };
		C37F9EE527260AF300D19800 /* FerrisChatUITests.xctest */ = {isa = PBXFileReference; explicitFileType = wrapper.cfbundle; includeInIndex = 0; path = FerrisChatUITests.xctest; sourceTree = BUILT_PRODUCTS_DIR; };
		C3D0E96927790398006F5197 /* Pods */ = {isa = PBXFileReference; lastKnownFileType = folder; path = Pods; sourceTree = "<group>"; };
		C3D0E96B277903C0006F5197 /* Pods.xcodeproj */ = {isa = PBXFileReference; lastKnownFileType = "wrapper.pb-project"; name = Pods.xcodeproj; path = Pods/Pods.xcodeproj; sourceTree = "<group>"; };
		DBE4ED58488BFFDA856FF39A /* Pods_FerrisChatTests.framework */ = {isa = PBXFileReference; explicitFileType = wrapper.framework; includeInIndex = 0; path = Pods_FerrisChatTests.framework; sourceTree = BUILT_PRODUCTS_DIR; };
		E88D2C1BE489B67CFDB1E30C /* Pods-FerrisChatTests.release.xcconfig */ = {isa = PBXFileReference; includeInIndex = 1; lastKnownFileType = text.xcconfig; name = "Pods-FerrisChatTests.release.xcconfig"; path = "Target Support Files/Pods-FerrisChatTests/Pods-FerrisChatTests.release.xcconfig"; sourceTree = "<group>"; };
		F49419304763F72BAD8E5AEE /* Pods_FerrisChat_FerrisChatUITests.framework */ = {isa = PBXFileReference; explicitFileType = wrapper.framework; includeInIndex = 0; path = Pods_FerrisChat_FerrisChatUITests.framework; sourceTree = BUILT_PRODUCTS_DIR; };
		F58026C730EDBAC18E37CB10 /* Pods-FerrisChat.debug.xcconfig */ = {isa = PBXFileReference; includeInIndex = 1; lastKnownFileType = text.xcconfig; name = "Pods-FerrisChat.debug.xcconfig"; path = "Target Support Files/Pods-FerrisChat/Pods-FerrisChat.debug.xcconfig"; sourceTree = "<group>"; };
/* End PBXFileReference section */

/* Begin PBXFrameworksBuildPhase section */
		C37F9EC327260AF200D19800 /* Frameworks */ = {
			isa = PBXFrameworksBuildPhase;
			buildActionMask = 2147483647;
			files = (
			);
			runOnlyForDeploymentPostprocessing = 0;
		};
		C37F9ED827260AF300D19800 /* Frameworks */ = {
			isa = PBXFrameworksBuildPhase;
			buildActionMask = 2147483647;
			files = (
				0D321B8AE47DFA62F7BD36E6 /* Pods_FerrisChatTests.framework in Frameworks */,
			);
			runOnlyForDeploymentPostprocessing = 0;
		};
		C37F9EE227260AF300D19800 /* Frameworks */ = {
			isa = PBXFrameworksBuildPhase;
			buildActionMask = 2147483647;
			files = (
				93392B289EE7DE025F43BA6C /* Pods_FerrisChat_FerrisChatUITests.framework in Frameworks */,
			);
			runOnlyForDeploymentPostprocessing = 0;
		};
/* End PBXFrameworksBuildPhase section */

/* Begin PBXGroup section */
		0D2A20BC7BE5471581942341 /* Frameworks */ = {
			isa = PBXGroup;
			children = (
				C3D0E96B277903C0006F5197 /* Pods.xcodeproj */,
				C3D0E96927790398006F5197 /* Pods */,
				91BE22EF036A6C0E5F198CC3 /* Pods_FerrisChat.framework */,
				F49419304763F72BAD8E5AEE /* Pods_FerrisChat_FerrisChatUITests.framework */,
				DBE4ED58488BFFDA856FF39A /* Pods_FerrisChatTests.framework */,
			);
			name = Frameworks;
			sourceTree = "<group>";
		};
		193774A5EE73F05C140D1DAB /* Pods */ = {
			isa = PBXGroup;
			children = (
				F58026C730EDBAC18E37CB10 /* Pods-FerrisChat.debug.xcconfig */,
				94A2EE6BE33A28C1EFB9E32C /* Pods-FerrisChat.release.xcconfig */,
				3C11A75B29662A37170824C2 /* Pods-FerrisChat-FerrisChatUITests.debug.xcconfig */,
				6012CEDDF2E52F9A387663BE /* Pods-FerrisChat-FerrisChatUITests.release.xcconfig */,
				1A14E2C7F546F708EAF1C704 /* Pods-FerrisChatTests.debug.xcconfig */,
				E88D2C1BE489B67CFDB1E30C /* Pods-FerrisChatTests.release.xcconfig */,
			);
			path = Pods;
			sourceTree = "<group>";
		};
		C37F9EBD27260AF200D19800 = {
			isa = PBXGroup;
			children = (
				C37F9EC827260AF200D19800 /* FerrisChat */,
				C37F9EC727260AF200D19800 /* Products */,
				5E39673544DA499252A8EE45 /* .gitignore */,
				193774A5EE73F05C140D1DAB /* Pods */,
				0D2A20BC7BE5471581942341 /* Frameworks */,
			);
			sourceTree = "<group>";
		};
		C37F9EC727260AF200D19800 /* Products */ = {
			isa = PBXGroup;
			children = (
				C37F9EC627260AF200D19800 /* FerrisChat.app */,
				C37F9EDB27260AF300D19800 /* FerrisChatTests.xctest */,
				C37F9EE527260AF300D19800 /* FerrisChatUITests.xctest */,
			);
			name = Products;
			sourceTree = "<group>";
		};
		C37F9EC827260AF200D19800 /* FerrisChat */ = {
			isa = PBXGroup;
			children = (
				C37F9EC927260AF200D19800 /* FerrisChatApp.swift */,
				C37F9ECB27260AF200D19800 /* Login.swift */,
				C37F9ECD27260AF300D19800 /* Assets.xcassets */,
				C37F9ECF27260AF300D19800 /* Preview Content */,
				5E396197096F7A7830C5EE05 /* Authentication.swift */,
				5E39660D62A1F9CBE29C87D4 /* Messaging.swift */,
			);
			path = FerrisChat;
			sourceTree = "<group>";
		};
		C37F9ECF27260AF300D19800 /* Preview Content */ = {
			isa = PBXGroup;
			children = (
				C37F9ED027260AF300D19800 /* Preview Assets.xcassets */,
			);
			path = "Preview Content";
			sourceTree = "<group>";
		};
		C3D0E96C277903C0006F5197 /* Products */ = {
			isa = PBXGroup;
			children = (
				C3D0E976277903C0006F5197 /* Alamofire */,
				C3D0E978277903C0006F5197 /* KeychainSwift */,
				C3D0E97A277903C0006F5197 /* Pods-FerrisChat */,
				C3D0E97C277903C0006F5197 /* Pods-FerrisChat-FerrisChatUITests */,
				C3D0E97E277903C0006F5197 /* Pods-FerrisChatTests */,
				C3D0E980277903C0006F5197 /* Starscream */,
				C3D0E982277903C0006F5197 /* SwiftyJSON */,
			);
			name = Products;
			sourceTree = "<group>";
		};
/* End PBXGroup section */

/* Begin PBXNativeTarget section */
		C37F9EC527260AF200D19800 /* FerrisChat */ = {
			isa = PBXNativeTarget;
			buildConfigurationList = C37F9EEF27260AF300D19800 /* Build configuration list for PBXNativeTarget "FerrisChat" */;
			buildPhases = (
				96683F4F2D78D64D093739E9 /* [CP] Check Pods Manifest.lock */,
				C37F9EC227260AF200D19800 /* Sources */,
				C37F9EC327260AF200D19800 /* Frameworks */,
				C37F9EC427260AF200D19800 /* Resources */,
				1FA4EA4C3A23F81B33AF09B3 /* [CP] Embed Pods Frameworks */,
			);
			buildRules = (
			);
			dependencies = (
			);
			name = FerrisChat;
			productName = FerrisChat;
			productReference = C37F9EC627260AF200D19800 /* FerrisChat.app */;
			productType = "com.apple.product-type.application";
		};
		C37F9EDA27260AF300D19800 /* FerrisChatTests */ = {
			isa = PBXNativeTarget;
			buildConfigurationList = C37F9EF227260AF300D19800 /* Build configuration list for PBXNativeTarget "FerrisChatTests" */;
			buildPhases = (
				1DEB4703DB1746E100F8E985 /* [CP] Check Pods Manifest.lock */,
				C37F9ED727260AF300D19800 /* Sources */,
				C37F9ED827260AF300D19800 /* Frameworks */,
				C37F9ED927260AF300D19800 /* Resources */,
			);
			buildRules = (
			);
			dependencies = (
				C37F9EDD27260AF300D19800 /* PBXTargetDependency */,
			);
			name = FerrisChatTests;
			productName = FerrisChatTests;
			productReference = C37F9EDB27260AF300D19800 /* FerrisChatTests.xctest */;
			productType = "com.apple.product-type.bundle.unit-test";
		};
		C37F9EE427260AF300D19800 /* FerrisChatUITests */ = {
			isa = PBXNativeTarget;
			buildConfigurationList = C37F9EF527260AF300D19800 /* Build configuration list for PBXNativeTarget "FerrisChatUITests" */;
			buildPhases = (
				D652367878DC5C2BC6ECF664 /* [CP] Check Pods Manifest.lock */,
				C37F9EE127260AF300D19800 /* Sources */,
				C37F9EE227260AF300D19800 /* Frameworks */,
				C37F9EE327260AF300D19800 /* Resources */,
				285253C85DBE6A0C5BFF1523 /* [CP] Embed Pods Frameworks */,
			);
			buildRules = (
			);
			dependencies = (
				C37F9EE727260AF300D19800 /* PBXTargetDependency */,
			);
			name = FerrisChatUITests;
			productName = FerrisChatUITests;
			productReference = C37F9EE527260AF300D19800 /* FerrisChatUITests.xctest */;
			productType = "com.apple.product-type.bundle.ui-testing";
		};
/* End PBXNativeTarget section */

/* Begin PBXProject section */
		C37F9EBE27260AF200D19800 /* Project object */ = {
			isa = PBXProject;
			attributes = {
				BuildIndependentTargetsInParallel = 1;
				CLASSPREFIX = iOS;
				LastSwiftUpdateCheck = 1300;
				LastUpgradeCheck = 1300;
				ORGANIZATIONNAME = ferris.chat;
				TargetAttributes = {
					C37F9EC527260AF200D19800 = {
						CreatedOnToolsVersion = 13.0;
					};
					C37F9EDA27260AF300D19800 = {
						CreatedOnToolsVersion = 13.0;
						TestTargetID = C37F9EC527260AF200D19800;
					};
					C37F9EE427260AF300D19800 = {
						CreatedOnToolsVersion = 13.0;
						TestTargetID = C37F9EC527260AF200D19800;
					};
				};
			};
			buildConfigurationList = C37F9EC127260AF200D19800 /* Build configuration list for PBXProject "FerrisChat" */;
			compatibilityVersion = "Xcode 13.0";
			developmentRegion = en;
			hasScannedForEncodings = 0;
			knownRegions = (
				en,
				Base,
			);
			mainGroup = C37F9EBD27260AF200D19800;
			productRefGroup = C37F9EC727260AF200D19800 /* Products */;
			projectDirPath = "";
			projectReferences = (
				{
					ProductGroup = C3D0E96C277903C0006F5197 /* Products */;
					ProjectRef = C3D0E96B277903C0006F5197 /* Pods.xcodeproj */;
				},
			);
			projectRoot = "";
			targets = (
				C37F9EC527260AF200D19800 /* FerrisChat */,
				C37F9EDA27260AF300D19800 /* FerrisChatTests */,
				C37F9EE427260AF300D19800 /* FerrisChatUITests */,
			);
		};
/* End PBXProject section */

/* Begin PBXReferenceProxy section */
		C3D0E976277903C0006F5197 /* Alamofire */ = {
			isa = PBXReferenceProxy;
			fileType = wrapper.framework;
			name = Alamofire;
			path = Alamofire.framework;
			remoteRef = C3D0E975277903C0006F5197 /* PBXContainerItemProxy */;
			sourceTree = BUILT_PRODUCTS_DIR;
		};
		C3D0E978277903C0006F5197 /* KeychainSwift */ = {
			isa = PBXReferenceProxy;
			fileType = wrapper.framework;
			name = KeychainSwift;
			path = KeychainSwift.framework;
			remoteRef = C3D0E977277903C0006F5197 /* PBXContainerItemProxy */;
			sourceTree = BUILT_PRODUCTS_DIR;
		};
		C3D0E97A277903C0006F5197 /* Pods-FerrisChat */ = {
			isa = PBXReferenceProxy;
			fileType = wrapper.framework;
			name = "Pods-FerrisChat";
			path = Pods_FerrisChat.framework;
			remoteRef = C3D0E979277903C0006F5197 /* PBXContainerItemProxy */;
			sourceTree = BUILT_PRODUCTS_DIR;
		};
		C3D0E97C277903C0006F5197 /* Pods-FerrisChat-FerrisChatUITests */ = {
			isa = PBXReferenceProxy;
			fileType = wrapper.framework;
			name = "Pods-FerrisChat-FerrisChatUITests";
			path = Pods_FerrisChat_FerrisChatUITests.framework;
			remoteRef = C3D0E97B277903C0006F5197 /* PBXContainerItemProxy */;
			sourceTree = BUILT_PRODUCTS_DIR;
		};
		C3D0E97E277903C0006F5197 /* Pods-FerrisChatTests */ = {
			isa = PBXReferenceProxy;
			fileType = wrapper.framework;
			name = "Pods-FerrisChatTests";
			path = Pods_FerrisChatTests.framework;
			remoteRef = C3D0E97D277903C0006F5197 /* PBXContainerItemProxy */;
			sourceTree = BUILT_PRODUCTS_DIR;
		};
		C3D0E980277903C0006F5197 /* Starscream */ = {
			isa = PBXReferenceProxy;
			fileType = wrapper.framework;
			name = Starscream;
			path = Starscream.framework;
			remoteRef = C3D0E97F277903C0006F5197 /* PBXContainerItemProxy */;
			sourceTree = BUILT_PRODUCTS_DIR;
		};
		C3D0E982277903C0006F5197 /* SwiftyJSON */ = {
			isa = PBXReferenceProxy;
			fileType = wrapper.framework;
			name = SwiftyJSON;
			path = SwiftyJSON.framework;
			remoteRef = C3D0E981277903C0006F5197 /* PBXContainerItemProxy */;
			sourceTree = BUILT_PRODUCTS_DIR;
		};
/* End PBXReferenceProxy section */

/* Begin PBXResourcesBuildPhase section */
		C37F9EC427260AF200D19800 /* Resources */ = {
			isa = PBXResourcesBuildPhase;
			buildActionMask = 2147483647;
			files = (
				C37F9ED127260AF300D19800 /* Preview Assets.xcassets in Resources */,
				C37F9ECE27260AF300D19800 /* Assets.xcassets in Resources */,
				5E3962A72DA11C0586058694 /* .gitignore in Resources */,
			);
			runOnlyForDeploymentPostprocessing = 0;
		};
		C37F9ED927260AF300D19800 /* Resources */ = {
			isa = PBXResourcesBuildPhase;
			buildActionMask = 2147483647;
			files = (
			);
			runOnlyForDeploymentPostprocessing = 0;
		};
		C37F9EE327260AF300D19800 /* Resources */ = {
			isa = PBXResourcesBuildPhase;
			buildActionMask = 2147483647;
			files = (
			);
			runOnlyForDeploymentPostprocessing = 0;
		};
/* End PBXResourcesBuildPhase section */

/* Begin PBXShellScriptBuildPhase section */
		1DEB4703DB1746E100F8E985 /* [CP] Check Pods Manifest.lock */ = {
			isa = PBXShellScriptBuildPhase;
			buildActionMask = 2147483647;
			files = (
			);
			inputFileListPaths = (
			);
			inputPaths = (
				"${PODS_PODFILE_DIR_PATH}/Podfile.lock",
				"${PODS_ROOT}/Manifest.lock",
			);
			name = "[CP] Check Pods Manifest.lock";
			outputFileListPaths = (
			);
			outputPaths = (
				"$(DERIVED_FILE_DIR)/Pods-FerrisChatTests-checkManifestLockResult.txt",
			);
			runOnlyForDeploymentPostprocessing = 0;
			shellPath = /bin/sh;
			shellScript = "diff \"${PODS_PODFILE_DIR_PATH}/Podfile.lock\" \"${PODS_ROOT}/Manifest.lock\" > /dev/null\nif [ $? != 0 ] ; then\n    # print error to STDERR\n    echo \"error: The sandbox is not in sync with the Podfile.lock. Run 'pod install' or update your CocoaPods installation.\" >&2\n    exit 1\nfi\n# This output is used by Xcode 'outputs' to avoid re-running this script phase.\necho \"SUCCESS\" > \"${SCRIPT_OUTPUT_FILE_0}\"\n";
			showEnvVarsInLog = 0;
		};
		1FA4EA4C3A23F81B33AF09B3 /* [CP] Embed Pods Frameworks */ = {
			isa = PBXShellScriptBuildPhase;
			buildActionMask = 12;
			files = (
			);
			inputFileListPaths = (
				"${PODS_ROOT}/Target Support Files/Pods-FerrisChat/Pods-FerrisChat-frameworks-${CONFIGURATION}-input-files.xcfilelist",
			);
			name = "[CP] Embed Pods Frameworks";
			outputFileListPaths = (
				"${PODS_ROOT}/Target Support Files/Pods-FerrisChat/Pods-FerrisChat-frameworks-${CONFIGURATION}-output-files.xcfilelist",
			);
			runOnlyForDeploymentPostprocessing = 0;
			shellPath = /bin/sh;
			shellScript = "\"${PODS_ROOT}/Target Support Files/Pods-FerrisChat/Pods-FerrisChat-frameworks.sh\"\n";
			showEnvVarsInLog = 0;
		};
		285253C85DBE6A0C5BFF1523 /* [CP] Embed Pods Frameworks */ = {
			isa = PBXShellScriptBuildPhase;
			buildActionMask = 2147483647;
			files = (
			);
			inputFileListPaths = (
				"${PODS_ROOT}/Target Support Files/Pods-FerrisChat-FerrisChatUITests/Pods-FerrisChat-FerrisChatUITests-frameworks-${CONFIGURATION}-input-files.xcfilelist",
			);
			name = "[CP] Embed Pods Frameworks";
			outputFileListPaths = (
				"${PODS_ROOT}/Target Support Files/Pods-FerrisChat-FerrisChatUITests/Pods-FerrisChat-FerrisChatUITests-frameworks-${CONFIGURATION}-output-files.xcfilelist",
			);
			runOnlyForDeploymentPostprocessing = 0;
			shellPath = /bin/sh;
			shellScript = "\"${PODS_ROOT}/Target Support Files/Pods-FerrisChat-FerrisChatUITests/Pods-FerrisChat-FerrisChatUITests-frameworks.sh\"\n";
			showEnvVarsInLog = 0;
		};
		96683F4F2D78D64D093739E9 /* [CP] Check Pods Manifest.lock */ = {
			isa = PBXShellScriptBuildPhase;
			buildActionMask = 2147483647;
			files = (
			);
			inputFileListPaths = (
			);
			inputPaths = (
				"${PODS_PODFILE_DIR_PATH}/Podfile.lock",
				"${PODS_ROOT}/Manifest.lock",
			);
			name = "[CP] Check Pods Manifest.lock";
			outputFileListPaths = (
			);
			outputPaths = (
				"$(DERIVED_FILE_DIR)/Pods-FerrisChat-checkManifestLockResult.txt",
			);
			runOnlyForDeploymentPostprocessing = 0;
			shellPath = /bin/sh;
			shellScript = "diff \"${PODS_PODFILE_DIR_PATH}/Podfile.lock\" \"${PODS_ROOT}/Manifest.lock\" > /dev/null\nif [ $? != 0 ] ; then\n    # print error to STDERR\n    echo \"error: The sandbox is not in sync with the Podfile.lock. Run 'pod install' or update your CocoaPods installation.\" >&2\n    exit 1\nfi\n# This output is used by Xcode 'outputs' to avoid re-running this script phase.\necho \"SUCCESS\" > \"${SCRIPT_OUTPUT_FILE_0}\"\n";
			showEnvVarsInLog = 0;
		};
		D652367878DC5C2BC6ECF664 /* [CP] Check Pods Manifest.lock */ = {
			isa = PBXShellScriptBuildPhase;
			buildActionMask = 2147483647;
			files = (
			);
			inputFileListPaths = (
			);
			inputPaths = (
				"${PODS_PODFILE_DIR_PATH}/Podfile.lock",
				"${PODS_ROOT}/Manifest.lock",
			);
			name = "[CP] Check Pods Manifest.lock";
			outputFileListPaths = (
			);
			outputPaths = (
				"$(DERIVED_FILE_DIR)/Pods-FerrisChat-FerrisChatUITests-checkManifestLockResult.txt",
			);
			runOnlyForDeploymentPostprocessing = 0;
			shellPath = /bin/sh;
			shellScript = "diff \"${PODS_PODFILE_DIR_PATH}/Podfile.lock\" \"${PODS_ROOT}/Manifest.lock\" > /dev/null\nif [ $? != 0 ] ; then\n    # print error to STDERR\n    echo \"error: The sandbox is not in sync with the Podfile.lock. Run 'pod install' or update your CocoaPods installation.\" >&2\n    exit 1\nfi\n# This output is used by Xcode 'outputs' to avoid re-running this script phase.\necho \"SUCCESS\" > \"${SCRIPT_OUTPUT_FILE_0}\"\n";
			showEnvVarsInLog = 0;
		};
/* End PBXShellScriptBuildPhase section */

/* Begin PBXSourcesBuildPhase section */
		C37F9EC227260AF200D19800 /* Sources */ = {
			isa = PBXSourcesBuildPhase;
			buildActionMask = 2147483647;
			files = (
				C37F9ECC27260AF200D19800 /* Login.swift in Sources */,
				C37F9ECA27260AF200D19800 /* FerrisChatApp.swift in Sources */,
				5E396B9C4B205DEB52B5A40A /* Authentication.swift in Sources */,
				5E39679CCE72BFFE0EEC131F /* Messaging.swift in Sources */,
			);
			runOnlyForDeploymentPostprocessing = 0;
		};
		C37F9ED727260AF300D19800 /* Sources */ = {
			isa = PBXSourcesBuildPhase;
			buildActionMask = 2147483647;
			files = (
			);
			runOnlyForDeploymentPostprocessing = 0;
		};
		C37F9EE127260AF300D19800 /* Sources */ = {
			isa = PBXSourcesBuildPhase;
			buildActionMask = 2147483647;
			files = (
			);
			runOnlyForDeploymentPostprocessing = 0;
		};
/* End PBXSourcesBuildPhase section */

/* Begin PBXTargetDependency section */
		C37F9EDD27260AF300D19800 /* PBXTargetDependency */ = {
			isa = PBXTargetDependency;
			target = C37F9EC527260AF200D19800 /* FerrisChat */;
			targetProxy = C37F9EDC27260AF300D19800 /* PBXContainerItemProxy */;
		};
		C37F9EE727260AF300D19800 /* PBXTargetDependency */ = {
			isa = PBXTargetDependency;
			target = C37F9EC527260AF200D19800 /* FerrisChat */;
			targetProxy = C37F9EE627260AF300D19800 /* PBXContainerItemProxy */;
		};
/* End PBXTargetDependency section */

/* Begin XCBuildConfiguration section */
		C37F9EED27260AF300D19800 /* Debug */ = {
			isa = XCBuildConfiguration;
			buildSettings = {
				ALWAYS_SEARCH_USER_PATHS = NO;
				CLANG_ANALYZER_NONNULL = YES;
				CLANG_ANALYZER_NUMBER_OBJECT_CONVERSION = YES_AGGRESSIVE;
				CLANG_CXX_LANGUAGE_STANDARD = "gnu++17";
				CLANG_CXX_LIBRARY = "libc++";
				CLANG_ENABLE_MODULES = YES;
				CLANG_ENABLE_OBJC_ARC = YES;
				CLANG_ENABLE_OBJC_WEAK = YES;
				CLANG_WARN_BLOCK_CAPTURE_AUTORELEASING = YES;
				CLANG_WARN_BOOL_CONVERSION = YES;
				CLANG_WARN_COMMA = YES;
				CLANG_WARN_CONSTANT_CONVERSION = YES;
				CLANG_WARN_DEPRECATED_OBJC_IMPLEMENTATIONS = YES;
				CLANG_WARN_DIRECT_OBJC_ISA_USAGE = YES_ERROR;
				CLANG_WARN_DOCUMENTATION_COMMENTS = YES;
				CLANG_WARN_EMPTY_BODY = YES;
				CLANG_WARN_ENUM_CONVERSION = YES;
				CLANG_WARN_INFINITE_RECURSION = YES;
				CLANG_WARN_INT_CONVERSION = YES;
				CLANG_WARN_NON_LITERAL_NULL_CONVERSION = YES;
				CLANG_WARN_OBJC_IMPLICIT_RETAIN_SELF = YES;
				CLANG_WARN_OBJC_LITERAL_CONVERSION = YES;
				CLANG_WARN_OBJC_ROOT_CLASS = YES_ERROR;
				CLANG_WARN_QUOTED_INCLUDE_IN_FRAMEWORK_HEADER = YES;
				CLANG_WARN_RANGE_LOOP_ANALYSIS = YES;
				CLANG_WARN_STRICT_PROTOTYPES = YES;
				CLANG_WARN_SUSPICIOUS_MOVE = YES;
				CLANG_WARN_UNGUARDED_AVAILABILITY = YES_AGGRESSIVE;
				CLANG_WARN_UNREACHABLE_CODE = YES;
				CLANG_WARN__DUPLICATE_METHOD_MATCH = YES;
				COPY_PHASE_STRIP = NO;
				DEBUG_INFORMATION_FORMAT = dwarf;
				ENABLE_STRICT_OBJC_MSGSEND = YES;
				ENABLE_TESTABILITY = YES;
				GCC_C_LANGUAGE_STANDARD = gnu11;
				GCC_DYNAMIC_NO_PIC = NO;
				GCC_NO_COMMON_BLOCKS = YES;
				GCC_OPTIMIZATION_LEVEL = 0;
				GCC_PREPROCESSOR_DEFINITIONS = (
					"DEBUG=1",
					"$(inherited)",
				);
				GCC_WARN_64_TO_32_BIT_CONVERSION = YES;
				GCC_WARN_ABOUT_RETURN_TYPE = YES_ERROR;
				GCC_WARN_UNDECLARED_SELECTOR = YES;
				GCC_WARN_UNINITIALIZED_AUTOS = YES_AGGRESSIVE;
				GCC_WARN_UNUSED_FUNCTION = YES;
				GCC_WARN_UNUSED_VARIABLE = YES;
				IPHONEOS_DEPLOYMENT_TARGET = 15.0;
				MTL_ENABLE_DEBUG_INFO = INCLUDE_SOURCE;
				MTL_FAST_MATH = YES;
				ONLY_ACTIVE_ARCH = YES;
				SDKROOT = iphoneos;
				SWIFT_ACTIVE_COMPILATION_CONDITIONS = DEBUG;
				SWIFT_OPTIMIZATION_LEVEL = "-Onone";
			};
			name = Debug;
		};
		C37F9EEE27260AF300D19800 /* Release */ = {
			isa = XCBuildConfiguration;
			buildSettings = {
				ALWAYS_SEARCH_USER_PATHS = NO;
				CLANG_ANALYZER_NONNULL = YES;
				CLANG_ANALYZER_NUMBER_OBJECT_CONVERSION = YES_AGGRESSIVE;
				CLANG_CXX_LANGUAGE_STANDARD = "gnu++17";
				CLANG_CXX_LIBRARY = "libc++";
				CLANG_ENABLE_MODULES = YES;
				CLANG_ENABLE_OBJC_ARC = YES;
				CLANG_ENABLE_OBJC_WEAK = YES;
				CLANG_WARN_BLOCK_CAPTURE_AUTORELEASING = YES;
				CLANG_WARN_BOOL_CONVERSION = YES;
				CLANG_WARN_COMMA = YES;
				CLANG_WARN_CONSTANT_CONVERSION = YES;
				CLANG_WARN_DEPRECATED_OBJC_IMPLEMENTATIONS = YES;
				CLANG_WARN_DIRECT_OBJC_ISA_USAGE = YES_ERROR;
				CLANG_WARN_DOCUMENTATION_COMMENTS = YES;
				CLANG_WARN_EMPTY_BODY = YES;
				CLANG_WARN_ENUM_CONVERSION = YES;
				CLANG_WARN_INFINITE_RECURSION = YES;
				CLANG_WARN_INT_CONVERSION = YES;
				CLANG_WARN_NON_LITERAL_NULL_CONVERSION = YES;
				CLANG_WARN_OBJC_IMPLICIT_RETAIN_SELF = YES;
				CLANG_WARN_OBJC_LITERAL_CONVERSION = YES;
				CLANG_WARN_OBJC_ROOT_CLASS = YES_ERROR;
				CLANG_WARN_QUOTED_INCLUDE_IN_FRAMEWORK_HEADER = YES;
				CLANG_WARN_RANGE_LOOP_ANALYSIS = YES;
				CLANG_WARN_STRICT_PROTOTYPES = YES;
				CLANG_WARN_SUSPICIOUS_MOVE = YES;
				CLANG_WARN_UNGUARDED_AVAILABILITY = YES_AGGRESSIVE;
				CLANG_WARN_UNREACHABLE_CODE = YES;
				CLANG_WARN__DUPLICATE_METHOD_MATCH = YES;
				COPY_PHASE_STRIP = NO;
				DEBUG_INFORMATION_FORMAT = "dwarf-with-dsym";
				ENABLE_NS_ASSERTIONS = NO;
				ENABLE_STRICT_OBJC_MSGSEND = YES;
				GCC_C_LANGUAGE_STANDARD = gnu11;
				GCC_NO_COMMON_BLOCKS = YES;
				GCC_WARN_64_TO_32_BIT_CONVERSION = YES;
				GCC_WARN_ABOUT_RETURN_TYPE = YES_ERROR;
				GCC_WARN_UNDECLARED_SELECTOR = YES;
				GCC_WARN_UNINITIALIZED_AUTOS = YES_AGGRESSIVE;
				GCC_WARN_UNUSED_FUNCTION = YES;
				GCC_WARN_UNUSED_VARIABLE = YES;
				IPHONEOS_DEPLOYMENT_TARGET = 15.0;
				MTL_ENABLE_DEBUG_INFO = NO;
				MTL_FAST_MATH = YES;
				SDKROOT = iphoneos;
				SWIFT_COMPILATION_MODE = wholemodule;
				SWIFT_OPTIMIZATION_LEVEL = "-O";
				VALIDATE_PRODUCT = YES;
			};
			name = Release;
		};
		C37F9EF027260AF300D19800 /* Debug */ = {
			isa = XCBuildConfiguration;
			baseConfigurationReference = F58026C730EDBAC18E37CB10 /* Pods-FerrisChat.debug.xcconfig */;
			buildSettings = {
				ASSETCATALOG_COMPILER_APPICON_NAME = AppIcon;
				ASSETCATALOG_COMPILER_GLOBAL_ACCENT_COLOR_NAME = AccentColor;
				CODE_SIGN_IDENTITY = "Apple Development";
				CODE_SIGN_STYLE = Automatic;
				CURRENT_PROJECT_VERSION = 1;
				DEVELOPMENT_ASSET_PATHS = "\"FerrisChat/Preview Content\"";
				DEVELOPMENT_TEAM = 584PFZ43TF;
				ENABLE_PREVIEWS = YES;
				GENERATE_INFOPLIST_FILE = YES;
				INFOPLIST_KEY_UIApplicationSceneManifest_Generation = YES;
				INFOPLIST_KEY_UIApplicationSupportsIndirectInputEvents = YES;
				INFOPLIST_KEY_UILaunchScreen_Generation = YES;
				INFOPLIST_KEY_UISupportedInterfaceOrientations_iPad = "UIInterfaceOrientationPortrait UIInterfaceOrientationPortraitUpsideDown UIInterfaceOrientationLandscapeLeft UIInterfaceOrientationLandscapeRight";
				INFOPLIST_KEY_UISupportedInterfaceOrientations_iPhone = "UIInterfaceOrientationPortrait UIInterfaceOrientationLandscapeLeft UIInterfaceOrientationLandscapeRight";
				IPHONEOS_DEPLOYMENT_TARGET = 14.0;
				LD_RUNPATH_SEARCH_PATHS = (
					"$(inherited)",
					"@executable_path/Frameworks",
				);
				MARKETING_VERSION = 1.0;
				PRODUCT_BUNDLE_IDENTIFIER = dev.randomairborne.FerrisChat;
				PRODUCT_NAME = "$(TARGET_NAME)";
				PROVISIONING_PROFILE_SPECIFIER = "";
				SWIFT_EMIT_LOC_STRINGS = YES;
				SWIFT_VERSION = 5.0;
				TARGETED_DEVICE_FAMILY = "1,2";
			};
			name = Debug;
		};
		C37F9EF127260AF300D19800 /* Release */ = {
			isa = XCBuildConfiguration;
			baseConfigurationReference = 94A2EE6BE33A28C1EFB9E32C /* Pods-FerrisChat.release.xcconfig */;
			buildSettings = {
				ASSETCATALOG_COMPILER_APPICON_NAME = AppIcon;
				ASSETCATALOG_COMPILER_GLOBAL_ACCENT_COLOR_NAME = AccentColor;
				CODE_SIGN_IDENTITY = "Apple Development";
				CODE_SIGN_STYLE = Automatic;
				CURRENT_PROJECT_VERSION = 1;
				DEVELOPMENT_ASSET_PATHS = "\"FerrisChat/Preview Content\"";
				DEVELOPMENT_TEAM = 584PFZ43TF;
				ENABLE_PREVIEWS = YES;
				GENERATE_INFOPLIST_FILE = YES;
				INFOPLIST_KEY_UIApplicationSceneManifest_Generation = YES;
				INFOPLIST_KEY_UIApplicationSupportsIndirectInputEvents = YES;
				INFOPLIST_KEY_UILaunchScreen_Generation = YES;
				INFOPLIST_KEY_UISupportedInterfaceOrientations_iPad = "UIInterfaceOrientationPortrait UIInterfaceOrientationPortraitUpsideDown UIInterfaceOrientationLandscapeLeft UIInterfaceOrientationLandscapeRight";
				INFOPLIST_KEY_UISupportedInterfaceOrientations_iPhone = "UIInterfaceOrientationPortrait UIInterfaceOrientationLandscapeLeft UIInterfaceOrientationLandscapeRight";
				IPHONEOS_DEPLOYMENT_TARGET = 14.0;
				LD_RUNPATH_SEARCH_PATHS = (
					"$(inherited)",
					"@executable_path/Frameworks",
				);
				MARKETING_VERSION = 1.0;
				PRODUCT_BUNDLE_IDENTIFIER = dev.randomairborne.FerrisChat;
				PRODUCT_NAME = "$(TARGET_NAME)";
				PROVISIONING_PROFILE_SPECIFIER = "";
				SWIFT_EMIT_LOC_STRINGS = YES;
				SWIFT_VERSION = 5.0;
				TARGETED_DEVICE_FAMILY = "1,2";
			};
			name = Release;
		};
		C37F9EF327260AF300D19800 /* Debug */ = {
			isa = XCBuildConfiguration;
			baseConfigurationReference = 1A14E2C7F546F708EAF1C704 /* Pods-FerrisChatTests.debug.xcconfig */;
			buildSettings = {
				ALWAYS_EMBED_SWIFT_STANDARD_LIBRARIES = YES;
				BUNDLE_LOADER = "$(TEST_HOST)";
				CODE_SIGN_STYLE = Automatic;
				CURRENT_PROJECT_VERSION = 1;
				DEVELOPMENT_TEAM = BFN5N2X83W;
				GENERATE_INFOPLIST_FILE = YES;
				IPHONEOS_DEPLOYMENT_TARGET = 14.0;
				LD_RUNPATH_SEARCH_PATHS = (
					"$(inherited)",
					"@executable_path/Frameworks",
					"@loader_path/Frameworks",
				);
				MARKETING_VERSION = 1.0;
				PRODUCT_BUNDLE_IDENTIFIER = dev.randomairborne.FerrisChatTests;
				PRODUCT_NAME = "$(TARGET_NAME)";
				SWIFT_EMIT_LOC_STRINGS = NO;
				SWIFT_VERSION = 5.0;
				TARGETED_DEVICE_FAMILY = "1,2";
				TEST_HOST = "$(BUILT_PRODUCTS_DIR)/FerrisChat.app/FerrisChat";
			};
			name = Debug;
		};
		C37F9EF427260AF300D19800 /* Release */ = {
			isa = XCBuildConfiguration;
			baseConfigurationReference = E88D2C1BE489B67CFDB1E30C /* Pods-FerrisChatTests.release.xcconfig */;
			buildSettings = {
				ALWAYS_EMBED_SWIFT_STANDARD_LIBRARIES = YES;
				BUNDLE_LOADER = "$(TEST_HOST)";
				CODE_SIGN_STYLE = Automatic;
				CURRENT_PROJECT_VERSION = 1;
				DEVELOPMENT_TEAM = BFN5N2X83W;
				GENERATE_INFOPLIST_FILE = YES;
				IPHONEOS_DEPLOYMENT_TARGET = 14.0;
				LD_RUNPATH_SEARCH_PATHS = (
					"$(inherited)",
					"@executable_path/Frameworks",
					"@loader_path/Frameworks",
				);
				MARKETING_VERSION = 1.0;
				PRODUCT_BUNDLE_IDENTIFIER = dev.randomairborne.FerrisChatTests;
				PRODUCT_NAME = "$(TARGET_NAME)";
				SWIFT_EMIT_LOC_STRINGS = NO;
				SWIFT_VERSION = 5.0;
				TARGETED_DEVICE_FAMILY = "1,2";
				TEST_HOST = "$(BUILT_PRODUCTS_DIR)/FerrisChat.app/FerrisChat";
			};
			name = Release;
		};
		C37F9EF627260AF300D19800 /* Debug */ = {
			isa = XCBuildConfiguration;
			baseConfigurationReference = 3C11A75B29662A37170824C2 /* Pods-FerrisChat-FerrisChatUITests.debug.xcconfig */;
			buildSettings = {
				ALWAYS_EMBED_SWIFT_STANDARD_LIBRARIES = YES;
				CODE_SIGN_STYLE = Automatic;
				CURRENT_PROJECT_VERSION = 1;
				DEVELOPMENT_TEAM = BFN5N2X83W;
				GENERATE_INFOPLIST_FILE = YES;
				LD_RUNPATH_SEARCH_PATHS = (
					"$(inherited)",
					"@executable_path/Frameworks",
					"@loader_path/Frameworks",
				);
				MARKETING_VERSION = 1.0;
				PRODUCT_BUNDLE_IDENTIFIER = dev.randomairborne.FerrisChatUITests;
				PRODUCT_NAME = "$(TARGET_NAME)";
				SWIFT_EMIT_LOC_STRINGS = NO;
				SWIFT_VERSION = 5.0;
				TARGETED_DEVICE_FAMILY = "1,2";
				TEST_TARGET_NAME = FerrisChat;
			};
			name = Debug;
		};
		C37F9EF727260AF300D19800 /* Release */ = {
			isa = XCBuildConfiguration;
			baseConfigurationReference = 6012CEDDF2E52F9A387663BE /* Pods-FerrisChat-FerrisChatUITests.release.xcconfig */;
			buildSettings = {
				ALWAYS_EMBED_SWIFT_STANDARD_LIBRARIES = YES;
				CODE_SIGN_STYLE = Automatic;
				CURRENT_PROJECT_VERSION = 1;
				DEVELOPMENT_TEAM = BFN5N2X83W;
				GENERATE_INFOPLIST_FILE = YES;
				LD_RUNPATH_SEARCH_PATHS = (
					"$(inherited)",
					"@executable_path/Frameworks",
					"@loader_path/Frameworks",
				);
				MARKETING_VERSION = 1.0;
				PRODUCT_BUNDLE_IDENTIFIER = dev.randomairborne.FerrisChatUITests;
				PRODUCT_NAME = "$(TARGET_NAME)";
				SWIFT_EMIT_LOC_STRINGS = NO;
				SWIFT_VERSION = 5.0;
				TARGETED_DEVICE_FAMILY = "1,2";
				TEST_TARGET_NAME = FerrisChat;
			};
			name = Release;
		};
/* End XCBuildConfiguration section */

/* Begin XCConfigurationList section */
		C37F9EC127260AF200D19800 /* Build configuration list for PBXProject "FerrisChat" */ = {
			isa = XCConfigurationList;
			buildConfigurations = (
				C37F9EED27260AF300D19800 /* Debug */,
				C37F9EEE27260AF300D19800 /* Release */,
			);
			defaultConfigurationIsVisible = 0;
			defaultConfigurationName = Release;
		};
		C37F9EEF27260AF300D19800 /* Build configuration list for PBXNativeTarget "FerrisChat" */ = {
			isa = XCConfigurationList;
			buildConfigurations = (
				C37F9EF027260AF300D19800 /* Debug */,
				C37F9EF127260AF300D19800 /* Release */,
			);
			defaultConfigurationIsVisible = 0;
			defaultConfigurationName = Release;
		};
		C37F9EF227260AF300D19800 /* Build configuration list for PBXNativeTarget "FerrisChatTests" */ = {
			isa = XCConfigurationList;
			buildConfigurations = (
				C37F9EF327260AF300D19800 /* Debug */,
				C37F9EF427260AF300D19800 /* Release */,
			);
			defaultConfigurationIsVisible = 0;
			defaultConfigurationName = Release;
		};
		C37F9EF527260AF300D19800 /* Build configuration list for PBXNativeTarget "FerrisChatUITests" */ = {
			isa = XCConfigurationList;
			buildConfigurations = (
				C37F9EF627260AF300D19800 /* Debug */,
				C37F9EF727260AF300D19800 /* Release */,
			);
			defaultConfigurationIsVisible = 0;
			defaultConfigurationName = Release;
		};
/* End XCConfigurationList section */
	};
	rootObject = C37F9EBE27260AF200D19800 /* Project object */;
}
